// !$*UTF8*$!
{
	archiveVersion = 1;
	classes = {
	};
	objectVersion = 77;
	objects = {

/* Begin PBXBuildFile section */
		663C313D2EC747F80034D521 /* Lottie in Frameworks */ = {isa = PBXBuildFile; productRef = 663C313C2EC747F80034D521 /* Lottie */; };
/* End PBXBuildFile section */

/* Begin PBXContainerItemProxy section */
		668439442EBB6F410086F484 /* PBXContainerItemProxy */ = {
			isa = PBXContainerItemProxy;
			containerPortal = 668439252EBB6F3F0086F484 /* Project object */;
			proxyType = 1;
			remoteGlobalIDString = 6684392C2EBB6F3F0086F484;
			remoteInfo = AutoDockTestProject;
		};
		6684394E2EBB6F410086F484 /* PBXContainerItemProxy */ = {
			isa = PBXContainerItemProxy;
			containerPortal = 668439252EBB6F3F0086F484 /* Project object */;
			proxyType = 1;
			remoteGlobalIDString = 6684392C2EBB6F3F0086F484;
			remoteInfo = AutoDockTestProject;
		};
/* End PBXContainerItemProxy section */

/* Begin PBXFileReference section */
		6684392D2EBB6F3F0086F484 /* AutoDockTestProject.app */ = {isa = PBXFileReference; explicitFileType = wrapper.application; includeInIndex = 0; path = AutoDockTestProject.app; sourceTree = BUILT_PRODUCTS_DIR; };
		668439432EBB6F410086F484 /* AutoDockTestProjectTests.xctest */ = {isa = PBXFileReference; explicitFileType = wrapper.cfbundle; includeInIndex = 0; path = AutoDockTestProjectTests.xctest; sourceTree = BUILT_PRODUCTS_DIR; };
		6684394D2EBB6F410086F484 /* AutoDockTestProjectUITests.xctest */ = {isa = PBXFileReference; explicitFileType = wrapper.cfbundle; includeInIndex = 0; path = AutoDockTestProjectUITests.xctest; sourceTree = BUILT_PRODUCTS_DIR; };
/* End PBXFileReference section */

/* Begin PBXFileSystemSynchronizedBuildFileExceptionSet section */
		663C31422EC748FB0034D521 /* Exceptions for "Resources" folder in "AutoDockTestProjectTests" target */ = {
			isa = PBXFileSystemSynchronizedBuildFileExceptionSet;
			membershipExceptions = (
				Car.json,
			);
			target = 668439422EBB6F410086F484 /* AutoDockTestProjectTests */;
		};
		663C31432EC748FB0034D521 /* Exceptions for "Resources" folder in "AutoDockTestProjectUITests" target */ = {
			isa = PBXFileSystemSynchronizedBuildFileExceptionSet;
			membershipExceptions = (
				Car.json,
			);
			target = 6684394C2EBB6F410086F484 /* AutoDockTestProjectUITests */;
		};
		668CC9A12EC2581E00DF48B5 /* Exceptions for "Resources" folder in "AutoDockTestProject" target */ = {
			isa = PBXFileSystemSynchronizedBuildFileExceptionSet;
			membershipExceptions = (
				Info.plist,
			);
			target = 6684392C2EBB6F3F0086F484 /* AutoDockTestProject */;
		};
		66B169B62EBBBC2800C64829 /* Exceptions for "Tests" folder in "AutoDockTestProject" target */ = {
			isa = PBXFileSystemSynchronizedBuildFileExceptionSet;
			membershipExceptions = (
				AutoDockTestProjectTests/AutoDockTestProjectTests.swift,
				AutoDockTestProjectUITests/AutoDockTestProjectUITests.swift,
				AutoDockTestProjectUITests/AutoDockTestProjectUITestsLaunchTests.swift,
			);
			target = 6684392C2EBB6F3F0086F484 /* AutoDockTestProject */;
		};
		66B169B72EBBBC2800C64829 /* Exceptions for "Tests" folder in "AutoDockTestProjectTests" target */ = {
			isa = PBXFileSystemSynchronizedBuildFileExceptionSet;
			membershipExceptions = (
				AutoDockTestProjectTests/AutoDockTestProjectTests.swift,
			);
			target = 668439422EBB6F410086F484 /* AutoDockTestProjectTests */;
		};
		66B169B82EBBBC2800C64829 /* Exceptions for "Tests" folder in "AutoDockTestProjectUITests" target */ = {
			isa = PBXFileSystemSynchronizedBuildFileExceptionSet;
			membershipExceptions = (
				AutoDockTestProjectUITests/AutoDockTestProjectUITests.swift,
				AutoDockTestProjectUITests/AutoDockTestProjectUITestsLaunchTests.swift,
			);
			target = 6684394C2EBB6F410086F484 /* AutoDockTestProjectUITests */;
		};
/* End PBXFileSystemSynchronizedBuildFileExceptionSet section */

/* Begin PBXFileSystemSynchronizedRootGroup section */
		669603192EDA1BD600A45DEA /* App */ = {
			isa = PBXFileSystemSynchronizedRootGroup;
			path = App;
			sourceTree = "<group>";
		};
		6696031A2EDA1BE900A45DEA /* Features */ = {
			isa = PBXFileSystemSynchronizedRootGroup;
			path = Features;
			sourceTree = "<group>";
		};
		6696031D2EDA1C2100A45DEA /* DI */ = {
			isa = PBXFileSystemSynchronizedRootGroup;
			path = DI;
			sourceTree = "<group>";
		};
		669604002EDAC6EA00A45DEA /* Shared */ = {
			isa = PBXFileSystemSynchronizedRootGroup;
			path = Shared;
			sourceTree = "<group>";
		};
		669604122EDCA50B00A45DEA /* Common */ = {
			isa = PBXFileSystemSynchronizedRootGroup;
			path = Common;
			sourceTree = "<group>";
		};
		66B169A92EBBBBCB00C64829 /* Core */ = {
			isa = PBXFileSystemSynchronizedRootGroup;
			path = Core;
			sourceTree = "<group>";
		};
		66B169AC2EBBBBF100C64829 /* Resources */ = {
			isa = PBXFileSystemSynchronizedRootGroup;
			exceptions = (
				668CC9A12EC2581E00DF48B5 /* Exceptions for "Resources" folder in "AutoDockTestProject" target */,
				663C31422EC748FB0034D521 /* Exceptions for "Resources" folder in "AutoDockTestProjectTests" target */,
				663C31432EC748FB0034D521 /* Exceptions for "Resources" folder in "AutoDockTestProjectUITests" target */,
			);
			path = Resources;
			sourceTree = "<group>";
		};
		66B169AD2EBBBC2200C64829 /* Tests */ = {
			isa = PBXFileSystemSynchronizedRootGroup;
			exceptions = (
				66B169B62EBBBC2800C64829 /* Exceptions for "Tests" folder in "AutoDockTestProject" target */,
				66B169B72EBBBC2800C64829 /* Exceptions for "Tests" folder in "AutoDockTestProjectTests" target */,
				66B169B82EBBBC2800C64829 /* Exceptions for "Tests" folder in "AutoDockTestProjectUITests" target */,
			);
			path = Tests;
			sourceTree = "<group>";
		};
/* End PBXFileSystemSynchronizedRootGroup section */

/* Begin PBXFrameworksBuildPhase section */
		6684392A2EBB6F3F0086F484 /* Frameworks */ = {
			isa = PBXFrameworksBuildPhase;
			buildActionMask = 2147483647;
			files = (
				663C313D2EC747F80034D521 /* Lottie in Frameworks */,
			);
			runOnlyForDeploymentPostprocessing = 0;
		};
		668439402EBB6F410086F484 /* Frameworks */ = {
			isa = PBXFrameworksBuildPhase;
			buildActionMask = 2147483647;
			files = (
			);
			runOnlyForDeploymentPostprocessing = 0;
		};
		6684394A2EBB6F410086F484 /* Frameworks */ = {
			isa = PBXFrameworksBuildPhase;
			buildActionMask = 2147483647;
			files = (
			);
			runOnlyForDeploymentPostprocessing = 0;
		};
/* End PBXFrameworksBuildPhase section */

/* Begin PBXGroup section */
		668439242EBB6F3F0086F484 = {
			isa = PBXGroup;
			children = (
				669604122EDCA50B00A45DEA /* Common */,
				669604002EDAC6EA00A45DEA /* Shared */,
				6696031D2EDA1C2100A45DEA /* DI */,
				6696031A2EDA1BE900A45DEA /* Features */,
				669603192EDA1BD600A45DEA /* App */,
				66B169AD2EBBBC2200C64829 /* Tests */,
				66B169AC2EBBBBF100C64829 /* Resources */,
				66B169A92EBBBBCB00C64829 /* Core */,
				6684392E2EBB6F3F0086F484 /* Products */,
			);
			sourceTree = "<group>";
		};
		6684392E2EBB6F3F0086F484 /* Products */ = {
			isa = PBXGroup;
			children = (
				6684392D2EBB6F3F0086F484 /* AutoDockTestProject.app */,
				668439432EBB6F410086F484 /* AutoDockTestProjectTests.xctest */,
				6684394D2EBB6F410086F484 /* AutoDockTestProjectUITests.xctest */,
			);
			name = Products;
			sourceTree = "<group>";
		};
/* End PBXGroup section */

/* Begin PBXNativeTarget section */
		6684392C2EBB6F3F0086F484 /* AutoDockTestProject */ = {
			isa = PBXNativeTarget;
			buildConfigurationList = 668439562EBB6F410086F484 /* Build configuration list for PBXNativeTarget "AutoDockTestProject" */;
			buildPhases = (
				668439292EBB6F3F0086F484 /* Sources */,
				6684392A2EBB6F3F0086F484 /* Frameworks */,
				6684392B2EBB6F3F0086F484 /* Resources */,
			);
			buildRules = (
			);
			dependencies = (
			);
			fileSystemSynchronizedGroups = (
				669603192EDA1BD600A45DEA /* App */,
				6696031A2EDA1BE900A45DEA /* Features */,
				6696031D2EDA1C2100A45DEA /* DI */,
				669604002EDAC6EA00A45DEA /* Shared */,
				669604122EDCA50B00A45DEA /* Common */,
				66B169A92EBBBBCB00C64829 /* Core */,
				66B169AC2EBBBBF100C64829 /* Resources */,
				66B169AD2EBBBC2200C64829 /* Tests */,
			);
			name = AutoDockTestProject;
			packageProductDependencies = (
				663C313C2EC747F80034D521 /* Lottie */,
			);
			productName = AutoDockTestProject;
			productReference = 6684392D2EBB6F3F0086F484 /* AutoDockTestProject.app */;
			productType = "com.apple.product-type.application";
		};
		668439422EBB6F410086F484 /* AutoDockTestProjectTests */ = {
			isa = PBXNativeTarget;
			buildConfigurationList = 6684395B2EBB6F410086F484 /* Build configuration list for PBXNativeTarget "AutoDockTestProjectTests" */;
			buildPhases = (
				6684393F2EBB6F410086F484 /* Sources */,
				668439402EBB6F410086F484 /* Frameworks */,
				668439412EBB6F410086F484 /* Resources */,
			);
			buildRules = (
			);
			dependencies = (
				668439452EBB6F410086F484 /* PBXTargetDependency */,
			);
			name = AutoDockTestProjectTests;
			packageProductDependencies = (
			);
			productName = AutoDockTestProjectTests;
			productReference = 668439432EBB6F410086F484 /* AutoDockTestProjectTests.xctest */;
			productType = "com.apple.product-type.bundle.unit-test";
		};
		6684394C2EBB6F410086F484 /* AutoDockTestProjectUITests */ = {
			isa = PBXNativeTarget;
			buildConfigurationList = 6684395E2EBB6F410086F484 /* Build configuration list for PBXNativeTarget "AutoDockTestProjectUITests" */;
			buildPhases = (
				668439492EBB6F410086F484 /* Sources */,
				6684394A2EBB6F410086F484 /* Frameworks */,
				6684394B2EBB6F410086F484 /* Resources */,
			);
			buildRules = (
			);
			dependencies = (
				6684394F2EBB6F410086F484 /* PBXTargetDependency */,
			);
			name = AutoDockTestProjectUITests;
			packageProductDependencies = (
			);
			productName = AutoDockTestProjectUITests;
			productReference = 6684394D2EBB6F410086F484 /* AutoDockTestProjectUITests.xctest */;
			productType = "com.apple.product-type.bundle.ui-testing";
		};
/* End PBXNativeTarget section */

/* Begin PBXProject section */
		668439252EBB6F3F0086F484 /* Project object */ = {
			isa = PBXProject;
			attributes = {
				BuildIndependentTargetsInParallel = 1;
				LastSwiftUpdateCheck = 2600;
				LastUpgradeCheck = 2600;
				TargetAttributes = {
					6684392C2EBB6F3F0086F484 = {
						CreatedOnToolsVersion = 26.0.1;
					};
					668439422EBB6F410086F484 = {
						CreatedOnToolsVersion = 26.0.1;
						TestTargetID = 6684392C2EBB6F3F0086F484;
					};
					6684394C2EBB6F410086F484 = {
						CreatedOnToolsVersion = 26.0.1;
						TestTargetID = 6684392C2EBB6F3F0086F484;
					};
				};
			};
			buildConfigurationList = 668439282EBB6F3F0086F484 /* Build configuration list for PBXProject "AutoDockTestProject" */;
			developmentRegion = en;
			hasScannedForEncodings = 0;
			knownRegions = (
				en,
				Base,
			);
			mainGroup = 668439242EBB6F3F0086F484;
			minimizedProjectReferenceProxies = 1;
			packageReferences = (
				663C313B2EC747F80034D521 /* XCRemoteSwiftPackageReference "lottie-ios" */,
			);
			preferredProjectObjectVersion = 77;
			productRefGroup = 6684392E2EBB6F3F0086F484 /* Products */;
			projectDirPath = "";
			projectRoot = "";
			targets = (
				6684392C2EBB6F3F0086F484 /* AutoDockTestProject */,
				668439422EBB6F410086F484 /* AutoDockTestProjectTests */,
				6684394C2EBB6F410086F484 /* AutoDockTestProjectUITests */,
			);
		};
/* End PBXProject section */

/* Begin PBXResourcesBuildPhase section */
		6684392B2EBB6F3F0086F484 /* Resources */ = {
			isa = PBXResourcesBuildPhase;
			buildActionMask = 2147483647;
			files = (
			);
			runOnlyForDeploymentPostprocessing = 0;
		};
		668439412EBB6F410086F484 /* Resources */ = {
			isa = PBXResourcesBuildPhase;
			buildActionMask = 2147483647;
			files = (
			);
			runOnlyForDeploymentPostprocessing = 0;
		};
		6684394B2EBB6F410086F484 /* Resources */ = {
			isa = PBXResourcesBuildPhase;
			buildActionMask = 2147483647;
			files = (
			);
			runOnlyForDeploymentPostprocessing = 0;
		};
/* End PBXResourcesBuildPhase section */

/* Begin PBXSourcesBuildPhase section */
		668439292EBB6F3F0086F484 /* Sources */ = {
			isa = PBXSourcesBuildPhase;
			buildActionMask = 2147483647;
			files = (
			);
			runOnlyForDeploymentPostprocessing = 0;
		};
		6684393F2EBB6F410086F484 /* Sources */ = {
			isa = PBXSourcesBuildPhase;
			buildActionMask = 2147483647;
			files = (
			);
			runOnlyForDeploymentPostprocessing = 0;
		};
		668439492EBB6F410086F484 /* Sources */ = {
			isa = PBXSourcesBuildPhase;
			buildActionMask = 2147483647;
			files = (
			);
			runOnlyForDeploymentPostprocessing = 0;
		};
/* End PBXSourcesBuildPhase section */

/* Begin PBXTargetDependency section */
		668439452EBB6F410086F484 /* PBXTargetDependency */ = {
			isa = PBXTargetDependency;
			target = 6684392C2EBB6F3F0086F484 /* AutoDockTestProject */;
			targetProxy = 668439442EBB6F410086F484 /* PBXContainerItemProxy */;
		};
		6684394F2EBB6F410086F484 /* PBXTargetDependency */ = {
			isa = PBXTargetDependency;
			target = 6684392C2EBB6F3F0086F484 /* AutoDockTestProject */;
			targetProxy = 6684394E2EBB6F410086F484 /* PBXContainerItemProxy */;
		};
/* End PBXTargetDependency section */

/* Begin XCBuildConfiguration section */
		668439572EBB6F410086F484 /* Debug */ = {
			isa = XCBuildConfiguration;
			buildSettings = {
				ASSETCATALOG_COMPILER_APPICON_NAME = AppIcon;
				ASSETCATALOG_COMPILER_GLOBAL_ACCENT_COLOR_NAME = AccentColor;
				CODE_SIGN_STYLE = Automatic;
				CURRENT_PROJECT_VERSION = 1;
				DEVELOPMENT_TEAM = 8B22TYWGHP;
				GENERATE_INFOPLIST_FILE = YES;
				INFOPLIST_FILE = "";
				INFOPLIST_KEY_UIApplicationSupportsIndirectInputEvents = YES;
				INFOPLIST_KEY_UILaunchStoryboardName = LaunchScreen;
				INFOPLIST_KEY_UIMainStoryboardFile = "";
				INFOPLIST_KEY_UISupportedInterfaceOrientations_iPad = "UIInterfaceOrientationPortrait UIInterfaceOrientationPortraitUpsideDown UIInterfaceOrientationLandscapeLeft UIInterfaceOrientationLandscapeRight";
				INFOPLIST_KEY_UISupportedInterfaceOrientations_iPhone = "UIInterfaceOrientationPortrait UIInterfaceOrientationLandscapeLeft UIInterfaceOrientationLandscapeRight";
				IPHONEOS_DEPLOYMENT_TARGET = 16.4;
				LD_RUNPATH_SEARCH_PATHS = (
					"$(inherited)",
					"@executable_path/Frameworks",
				);
				MARKETING_VERSION = 1.0;
				PRODUCT_BUNDLE_IDENTIFIER = Test.AutoDockTestProject;
				PRODUCT_NAME = "$(TARGET_NAME)";
				STRING_CATALOG_GENERATE_SYMBOLS = YES;
				SUPPORTED_PLATFORMS = "iphoneos iphonesimulator";
				SUPPORTS_MACCATALYST = NO;
				SUPPORTS_MAC_DESIGNED_FOR_IPHONE_IPAD = NO;
				SUPPORTS_XR_DESIGNED_FOR_IPHONE_IPAD = NO;
				SWIFT_APPROACHABLE_CONCURRENCY = YES;
				SWIFT_DEFAULT_ACTOR_ISOLATION = MainActor;
				SWIFT_EMIT_LOC_STRINGS = YES;
				SWIFT_UPCOMING_FEATURE_MEMBER_IMPORT_VISIBILITY = YES;
				SWIFT_VERSION = 5.0;
				TARGETED_DEVICE_FAMILY = "1,2";
			};
			name = Debug;
		};
		668439582EBB6F410086F484 /* Release */ = {
			isa = XCBuildConfiguration;
			buildSettings = {
				ASSETCATALOG_COMPILER_APPICON_NAME = AppIcon;
				ASSETCATALOG_COMPILER_GLOBAL_ACCENT_COLOR_NAME = AccentColor;
				CODE_SIGN_STYLE = Automatic;
				CURRENT_PROJECT_VERSION = 1;
				DEVELOPMENT_TEAM = 8B22TYWGHP;
				GENERATE_INFOPLIST_FILE = YES;
				INFOPLIST_FILE = "";
				INFOPLIST_KEY_UIApplicationSupportsIndirectInputEvents = YES;
				INFOPLIST_KEY_UILaunchStoryboardName = LaunchScreen;
				INFOPLIST_KEY_UIMainStoryboardFile = "";
				INFOPLIST_KEY_UISupportedInterfaceOrientations_iPad = "UIInterfaceOrientationPortrait UIInterfaceOrientationPortraitUpsideDown UIInterfaceOrientationLandscapeLeft UIInterfaceOrientationLandscapeRight";
				INFOPLIST_KEY_UISupportedInterfaceOrientations_iPhone = "UIInterfaceOrientationPortrait UIInterfaceOrientationLandscapeLeft UIInterfaceOrientationLandscapeRight";
				IPHONEOS_DEPLOYMENT_TARGET = 16.4;
				LD_RUNPATH_SEARCH_PATHS = (
					"$(inherited)",
					"@executable_path/Frameworks",
				);
				MARKETING_VERSION = 1.0;
				PRODUCT_BUNDLE_IDENTIFIER = Test.AutoDockTestProject;
				PRODUCT_NAME = "$(TARGET_NAME)";
				STRING_CATALOG_GENERATE_SYMBOLS = YES;
				SUPPORTED_PLATFORMS = "iphoneos iphonesimulator";
				SUPPORTS_MACCATALYST = NO;
				SUPPORTS_MAC_DESIGNED_FOR_IPHONE_IPAD = NO;
				SUPPORTS_XR_DESIGNED_FOR_IPHONE_IPAD = NO;
				SWIFT_APPROACHABLE_CONCURRENCY = YES;
				SWIFT_DEFAULT_ACTOR_ISOLATION = MainActor;
				SWIFT_EMIT_LOC_STRINGS = YES;
				SWIFT_UPCOMING_FEATURE_MEMBER_IMPORT_VISIBILITY = YES;
				SWIFT_VERSION = 5.0;
				TARGETED_DEVICE_FAMILY = "1,2";
			};
			name = Release;
		};
		668439592EBB6F410086F484 /* Debug */ = {
			isa = XCBuildConfiguration;
			buildSettings = {
				ALWAYS_SEARCH_USER_PATHS = NO;
				ASSETCATALOG_COMPILER_GENERATE_SWIFT_ASSET_SYMBOL_EXTENSIONS = YES;
				CLANG_ANALYZER_NONNULL = YES;
				CLANG_ANALYZER_NUMBER_OBJECT_CONVERSION = YES_AGGRESSIVE;
				CLANG_CXX_LANGUAGE_STANDARD = "gnu++20";
				CLANG_ENABLE_MODULES = YES;
				CLANG_ENABLE_OBJC_ARC = YES;
				CLANG_ENABLE_OBJC_WEAK = YES;
				CLANG_WARN_BLOCK_CAPTURE_AUTORELEASING = YES;
				CLANG_WARN_BOOL_CONVERSION = YES;
				CLANG_WARN_COMMA = YES;
				CLANG_WARN_CONSTANT_CONVERSION = YES;
				CLANG_WARN_DEPRECATED_OBJC_IMPLEMENTATIONS = YES;
				CLANG_WARN_DIRECT_OBJC_ISA_USAGE = YES_ERROR;
				CLANG_WARN_DOCUMENTATION_COMMENTS = YES;
				CLANG_WARN_EMPTY_BODY = YES;
				CLANG_WARN_ENUM_CONVERSION = YES;
				CLANG_WARN_INFINITE_RECURSION = YES;
				CLANG_WARN_INT_CONVERSION = YES;
				CLANG_WARN_NON_LITERAL_NULL_CONVERSION = YES;
				CLANG_WARN_OBJC_IMPLICIT_RETAIN_SELF = YES;
				CLANG_WARN_OBJC_LITERAL_CONVERSION = YES;
				CLANG_WARN_OBJC_ROOT_CLASS = YES_ERROR;
				CLANG_WARN_QUOTED_INCLUDE_IN_FRAMEWORK_HEADER = YES;
				CLANG_WARN_RANGE_LOOP_ANALYSIS = YES;
				CLANG_WARN_STRICT_PROTOTYPES = YES;
				CLANG_WARN_SUSPICIOUS_MOVE = YES;
				CLANG_WARN_UNGUARDED_AVAILABILITY = YES_AGGRESSIVE;
				CLANG_WARN_UNREACHABLE_CODE = YES;
				CLANG_WARN__DUPLICATE_METHOD_MATCH = YES;
				COPY_PHASE_STRIP = NO;
				DEBUG_INFORMATION_FORMAT = dwarf;
				DEVELOPMENT_TEAM = 8B22TYWGHP;
				ENABLE_STRICT_OBJC_MSGSEND = YES;
				ENABLE_TESTABILITY = YES;
				ENABLE_USER_SCRIPT_SANDBOXING = YES;
				GCC_C_LANGUAGE_STANDARD = gnu17;
				GCC_DYNAMIC_NO_PIC = NO;
				GCC_NO_COMMON_BLOCKS = YES;
				GCC_OPTIMIZATION_LEVEL = 0;
				GCC_PREPROCESSOR_DEFINITIONS = (
					"DEBUG=1",
					"$(inherited)",
				);
				GCC_WARN_64_TO_32_BIT_CONVERSION = YES;
				GCC_WARN_ABOUT_RETURN_TYPE = YES_ERROR;
				GCC_WARN_UNDECLARED_SELECTOR = YES;
				GCC_WARN_UNINITIALIZED_AUTOS = YES_AGGRESSIVE;
				GCC_WARN_UNUSED_FUNCTION = YES;
				GCC_WARN_UNUSED_VARIABLE = YES;
				GENERATE_INFOPLIST_FILE = YES;
				IPHONEOS_DEPLOYMENT_TARGET = 16.6;
				LOCALIZATION_PREFERS_STRING_CATALOGS = YES;
				MTL_ENABLE_DEBUG_INFO = INCLUDE_SOURCE;
				MTL_FAST_MATH = YES;
				ONLY_ACTIVE_ARCH = YES;
				SDKROOT = iphoneos;
				SWIFT_ACTIVE_COMPILATION_CONDITIONS = "DEBUG $(inherited)";
				SWIFT_OPTIMIZATION_LEVEL = "-Onone";
			};
			name = Debug;
		};
		6684395A2EBB6F410086F484 /* Release */ = {
			isa = XCBuildConfiguration;
			buildSettings = {
				ALWAYS_SEARCH_USER_PATHS = NO;
				ASSETCATALOG_COMPILER_GENERATE_SWIFT_ASSET_SYMBOL_EXTENSIONS = YES;
				CLANG_ANALYZER_NONNULL = YES;
				CLANG_ANALYZER_NUMBER_OBJECT_CONVERSION = YES_AGGRESSIVE;
				CLANG_CXX_LANGUAGE_STANDARD = "gnu++20";
				CLANG_ENABLE_MODULES = YES;
				CLANG_ENABLE_OBJC_ARC = YES;
				CLANG_ENABLE_OBJC_WEAK = YES;
				CLANG_WARN_BLOCK_CAPTURE_AUTORELEASING = YES;
				CLANG_WARN_BOOL_CONVERSION = YES;
				CLANG_WARN_COMMA = YES;
				CLANG_WARN_CONSTANT_CONVERSION = YES;
				CLANG_WARN_DEPRECATED_OBJC_IMPLEMENTATIONS = YES;
				CLANG_WARN_DIRECT_OBJC_ISA_USAGE = YES_ERROR;
				CLANG_WARN_DOCUMENTATION_COMMENTS = YES;
				CLANG_WARN_EMPTY_BODY = YES;
				CLANG_WARN_ENUM_CONVERSION = YES;
				CLANG_WARN_INFINITE_RECURSION = YES;
				CLANG_WARN_INT_CONVERSION = YES;
				CLANG_WARN_NON_LITERAL_NULL_CONVERSION = YES;
				CLANG_WARN_OBJC_IMPLICIT_RETAIN_SELF = YES;
				CLANG_WARN_OBJC_LITERAL_CONVERSION = YES;
				CLANG_WARN_OBJC_ROOT_CLASS = YES_ERROR;
				CLANG_WARN_QUOTED_INCLUDE_IN_FRAMEWORK_HEADER = YES;
				CLANG_WARN_RANGE_LOOP_ANALYSIS = YES;
				CLANG_WARN_STRICT_PROTOTYPES = YES;
				CLANG_WARN_SUSPICIOUS_MOVE = YES;
				CLANG_WARN_UNGUARDED_AVAILABILITY = YES_AGGRESSIVE;
				CLANG_WARN_UNREACHABLE_CODE = YES;
				CLANG_WARN__DUPLICATE_METHOD_MATCH = YES;
				COPY_PHASE_STRIP = NO;
				DEBUG_INFORMATION_FORMAT = "dwarf-with-dsym";
				DEVELOPMENT_TEAM = 8B22TYWGHP;
				ENABLE_NS_ASSERTIONS = NO;
				ENABLE_STRICT_OBJC_MSGSEND = YES;
				ENABLE_USER_SCRIPT_SANDBOXING = YES;
				GCC_C_LANGUAGE_STANDARD = gnu17;
				GCC_NO_COMMON_BLOCKS = YES;
				GCC_WARN_64_TO_32_BIT_CONVERSION = YES;
				GCC_WARN_ABOUT_RETURN_TYPE = YES_ERROR;
				GCC_WARN_UNDECLARED_SELECTOR = YES;
				GCC_WARN_UNINITIALIZED_AUTOS = YES_AGGRESSIVE;
				GCC_WARN_UNUSED_FUNCTION = YES;
				GCC_WARN_UNUSED_VARIABLE = YES;
				GENERATE_INFOPLIST_FILE = YES;
				IPHONEOS_DEPLOYMENT_TARGET = 16.6;
				LOCALIZATION_PREFERS_STRING_CATALOGS = YES;
				MTL_ENABLE_DEBUG_INFO = NO;
				MTL_FAST_MATH = YES;
				SDKROOT = iphoneos;
				SWIFT_COMPILATION_MODE = wholemodule;
				VALIDATE_PRODUCT = YES;
			};
			name = Release;
		};
		6684395C2EBB6F410086F484 /* Debug */ = {
			isa = XCBuildConfiguration;
			buildSettings = {
				BUNDLE_LOADER = "$(TEST_HOST)";
				CODE_SIGN_STYLE = Automatic;
				CURRENT_PROJECT_VERSION = 1;
				DEVELOPMENT_TEAM = 8B22TYWGHP;
				GENERATE_INFOPLIST_FILE = YES;
				INFOPLIST_FILE = "";
				IPHONEOS_DEPLOYMENT_TARGET = 16.4;
				MARKETING_VERSION = 1.0;
				PRODUCT_BUNDLE_IDENTIFIER = Test.AutoDockTestProjectTests;
				PRODUCT_NAME = "$(TARGET_NAME)";
				STRING_CATALOG_GENERATE_SYMBOLS = NO;
				SUPPORTED_PLATFORMS = "iphoneos iphonesimulator";
				SUPPORTS_MACCATALYST = NO;
				SUPPORTS_MAC_DESIGNED_FOR_IPHONE_IPAD = NO;
				SUPPORTS_XR_DESIGNED_FOR_IPHONE_IPAD = NO;
				SWIFT_APPROACHABLE_CONCURRENCY = YES;
				SWIFT_EMIT_LOC_STRINGS = NO;
				SWIFT_UPCOMING_FEATURE_MEMBER_IMPORT_VISIBILITY = YES;
				SWIFT_VERSION = 5.0;
				TARGETED_DEVICE_FAMILY = "1,2";
				TEST_HOST = "$(BUILT_PRODUCTS_DIR)/AutoDockTestProject.app/$(BUNDLE_EXECUTABLE_FOLDER_PATH)/AutoDockTestProject";
			};
			name = Debug;
		};
		6684395D2EBB6F410086F484 /* Release */ = {
			isa = XCBuildConfiguration;
			buildSettings = {
				BUNDLE_LOADER = "$(TEST_HOST)";
				CODE_SIGN_STYLE = Automatic;
				CURRENT_PROJECT_VERSION = 1;
				DEVELOPMENT_TEAM = 8B22TYWGHP;
				GENERATE_INFOPLIST_FILE = YES;
				INFOPLIST_FILE = "";
				IPHONEOS_DEPLOYMENT_TARGET = 16.4;
				MARKETING_VERSION = 1.0;
				PRODUCT_BUNDLE_IDENTIFIER = Test.AutoDockTestProjectTests;
				PRODUCT_NAME = "$(TARGET_NAME)";
				STRING_CATALOG_GENERATE_SYMBOLS = NO;
				SUPPORTED_PLATFORMS = "iphoneos iphonesimulator";
				SUPPORTS_MACCATALYST = NO;
				SUPPORTS_MAC_DESIGNED_FOR_IPHONE_IPAD = NO;
				SUPPORTS_XR_DESIGNED_FOR_IPHONE_IPAD = NO;
				SWIFT_APPROACHABLE_CONCURRENCY = YES;
				SWIFT_EMIT_LOC_STRINGS = NO;
				SWIFT_UPCOMING_FEATURE_MEMBER_IMPORT_VISIBILITY = YES;
				SWIFT_VERSION = 5.0;
				TARGETED_DEVICE_FAMILY = "1,2";
				TEST_HOST = "$(BUILT_PRODUCTS_DIR)/AutoDockTestProject.app/$(BUNDLE_EXECUTABLE_FOLDER_PATH)/AutoDockTestProject";
			};
			name = Release;
		};
		6684395F2EBB6F410086F484 /* Debug */ = {
			isa = XCBuildConfiguration;
			buildSettings = {
				CODE_SIGN_STYLE = Automatic;
				CURRENT_PROJECT_VERSION = 1;
				DEVELOPMENT_TEAM = 8B22TYWGHP;
				GENERATE_INFOPLIST_FILE = YES;
				INFOPLIST_FILE = "";
				IPHONEOS_DEPLOYMENT_TARGET = 16.4;
				MARKETING_VERSION = 1.0;
				PRODUCT_BUNDLE_IDENTIFIER = Test.AutoDockTestProjectUITests;
				PRODUCT_NAME = "$(TARGET_NAME)";
				STRING_CATALOG_GENERATE_SYMBOLS = NO;
				SUPPORTED_PLATFORMS = "iphoneos iphonesimulator";
				SUPPORTS_MACCATALYST = NO;
				SUPPORTS_MAC_DESIGNED_FOR_IPHONE_IPAD = NO;
				SUPPORTS_XR_DESIGNED_FOR_IPHONE_IPAD = NO;
				SWIFT_APPROACHABLE_CONCURRENCY = YES;
				SWIFT_EMIT_LOC_STRINGS = NO;
				SWIFT_UPCOMING_FEATURE_MEMBER_IMPORT_VISIBILITY = YES;
				SWIFT_VERSION = 5.0;
				TARGETED_DEVICE_FAMILY = "1,2";
				TEST_TARGET_NAME = AutoDockTestProject;
			};
			name = Debug;
		};
		668439602EBB6F410086F484 /* Release */ = {
			isa = XCBuildConfiguration;
			buildSettings = {
				CODE_SIGN_STYLE = Automatic;
				CURRENT_PROJECT_VERSION = 1;
				DEVELOPMENT_TEAM = 8B22TYWGHP;
				GENERATE_INFOPLIST_FILE = YES;
				INFOPLIST_FILE = "";
				IPHONEOS_DEPLOYMENT_TARGET = 16.4;
				MARKETING_VERSION = 1.0;
				PRODUCT_BUNDLE_IDENTIFIER = Test.AutoDockTestProjectUITests;
				PRODUCT_NAME = "$(TARGET_NAME)";
				STRING_CATALOG_GENERATE_SYMBOLS = NO;
				SUPPORTED_PLATFORMS = "iphoneos iphonesimulator";
				SUPPORTS_MACCATALYST = NO;
				SUPPORTS_MAC_DESIGNED_FOR_IPHONE_IPAD = NO;
				SUPPORTS_XR_DESIGNED_FOR_IPHONE_IPAD = NO;
				SWIFT_APPROACHABLE_CONCURRENCY = YES;
				SWIFT_EMIT_LOC_STRINGS = NO;
				SWIFT_UPCOMING_FEATURE_MEMBER_IMPORT_VISIBILITY = YES;
				SWIFT_VERSION = 5.0;
				TARGETED_DEVICE_FAMILY = "1,2";
				TEST_TARGET_NAME = AutoDockTestProject;
			};
			name = Release;
		};
/* End XCBuildConfiguration section */

/* Begin XCConfigurationList section */
		668439282EBB6F3F0086F484 /* Build configuration list for PBXProject "AutoDockTestProject" */ = {
			isa = XCConfigurationList;
			buildConfigurations = (
				668439592EBB6F410086F484 /* Debug */,
				6684395A2EBB6F410086F484 /* Release */,
			);
			defaultConfigurationIsVisible = 0;
			defaultConfigurationName = Release;
		};
		668439562EBB6F410086F484 /* Build configuration list for PBXNativeTarget "AutoDockTestProject" */ = {
			isa = XCConfigurationList;
			buildConfigurations = (
				668439572EBB6F410086F484 /* Debug */,
				668439582EBB6F410086F484 /* Release */,
			);
			defaultConfigurationIsVisible = 0;
			defaultConfigurationName = Release;
		};
		6684395B2EBB6F410086F484 /* Build configuration list for PBXNativeTarget "AutoDockTestProjectTests" */ = {
			isa = XCConfigurationList;
			buildConfigurations = (
				6684395C2EBB6F410086F484 /* Debug */,
				6684395D2EBB6F410086F484 /* Release */,
			);
			defaultConfigurationIsVisible = 0;
			defaultConfigurationName = Release;
		};
		6684395E2EBB6F410086F484 /* Build configuration list for PBXNativeTarget "AutoDockTestProjectUITests" */ = {
			isa = XCConfigurationList;
			buildConfigurations = (
				6684395F2EBB6F410086F484 /* Debug */,
				668439602EBB6F410086F484 /* Release */,
			);
			defaultConfigurationIsVisible = 0;
			defaultConfigurationName = Release;
		};
/* End XCConfigurationList section */

/* Begin XCRemoteSwiftPackageReference section */
		663C313B2EC747F80034D521 /* XCRemoteSwiftPackageReference "lottie-ios" */ = {
			isa = XCRemoteSwiftPackageReference;
			repositoryURL = "https://github.com/airbnb/lottie-ios.git";
			requirement = {
				kind = upToNextMajorVersion;
				minimumVersion = 4.5.2;
			};
		};
/* End XCRemoteSwiftPackageReference section */

/* Begin XCSwiftPackageProductDependency section */
		663C313C2EC747F80034D521 /* Lottie */ = {
			isa = XCSwiftPackageProductDependency;
			package = 663C313B2EC747F80034D521 /* XCRemoteSwiftPackageReference "lottie-ios" */;
			productName = Lottie;
		};
/* End XCSwiftPackageProductDependency section */
	};
	rootObject = 668439252EBB6F3F0086F484 /* Project object */;
}
